// !$*UTF8*$!
{
	archiveVersion = 1;
	classes = {
	};
	objectVersion = 54;
	objects = {

/* Begin PBXBuildFile section */
		EB33FE2F2BE80374005A93EE /* Game.swift in Sources */ = {isa = PBXBuildFile; fileRef = EB33FE2E2BE80374005A93EE /* Game.swift */; };
		EB33FE322BE830C3005A93EE /* GameStore.swift in Sources */ = {isa = PBXBuildFile; fileRef = EB33FE312BE830C3005A93EE /* GameStore.swift */; };
		EBA6E2152BF2A943005CABA5 /* GameScoress.xcdatamodeld in Sources */ = {isa = PBXBuildFile; fileRef = EBA6E2132BF2A943005CABA5 /* GameScoress.xcdatamodeld */; };
		EBA6E2202BF2AF5E005CABA5 /* OwO+CoreDataClass.swift in Sources */ = {isa = PBXBuildFile; fileRef = EBA6E21E2BF2AF5E005CABA5 /* OwO+CoreDataClass.swift */; };
		EBA6E2212BF2AF5E005CABA5 /* OwO+CoreDataProperties.swift in Sources */ = {isa = PBXBuildFile; fileRef = EBA6E21F2BF2AF5E005CABA5 /* OwO+CoreDataProperties.swift */; };
		EBD917892BF299F700048204 /* PersistenceController.swift in Sources */ = {isa = PBXBuildFile; fileRef = EBD917882BF299F700048204 /* PersistenceController.swift */; };
		EFD44AA82BD94EB30017558A /* MATHEMATIKApp.swift in Sources */ = {isa = PBXBuildFile; fileRef = EFD44AA72BD94EB30017558A /* MATHEMATIKApp.swift */; };
		EFD44AAA2BD94EB30017558A /* ContentView.swift in Sources */ = {isa = PBXBuildFile; fileRef = EFD44AA92BD94EB30017558A /* ContentView.swift */; };
		EFD44AAC2BD94EB50017558A /* Assets.xcassets in Resources */ = {isa = PBXBuildFile; fileRef = EFD44AAB2BD94EB50017558A /* Assets.xcassets */; };
		EFD44AAF2BD94EB50017558A /* Preview Assets.xcassets in Resources */ = {isa = PBXBuildFile; fileRef = EFD44AAE2BD94EB50017558A /* Preview Assets.xcassets */; };
		EFD44AB82BD951150017558A /* GameView.swift in Sources */ = {isa = PBXBuildFile; fileRef = EFD44AB72BD951150017558A /* GameView.swift */; };
		EFD44ABB2BD952170017558A /* OptionButton.swift in Sources */ = {isa = PBXBuildFile; fileRef = EFD44ABA2BD952170017558A /* OptionButton.swift */; };
		EFD44AD02BD95C380017558A /* Poppins-BlackItalic.ttf in Resources */ = {isa = PBXBuildFile; fileRef = EFD44ABE2BD95C380017558A /* Poppins-BlackItalic.ttf */; };
		EFD44AD12BD95C380017558A /* Poppins-LightItalic.ttf in Resources */ = {isa = PBXBuildFile; fileRef = EFD44ABF2BD95C380017558A /* Poppins-LightItalic.ttf */; };
		EFD44AD22BD95C380017558A /* Poppins-BoldItalic.ttf in Resources */ = {isa = PBXBuildFile; fileRef = EFD44AC02BD95C380017558A /* Poppins-BoldItalic.ttf */; };
		EFD44AD32BD95C380017558A /* Poppins-Thin.ttf in Resources */ = {isa = PBXBuildFile; fileRef = EFD44AC12BD95C380017558A /* Poppins-Thin.ttf */; };
		EFD44AD42BD95C380017558A /* Poppins-Medium.ttf in Resources */ = {isa = PBXBuildFile; fileRef = EFD44AC22BD95C380017558A /* Poppins-Medium.ttf */; };
		EFD44AD52BD95C380017558A /* Poppins-Italic.ttf in Resources */ = {isa = PBXBuildFile; fileRef = EFD44AC32BD95C380017558A /* Poppins-Italic.ttf */; };
		EFD44AD62BD95C380017558A /* Poppins-ExtraBoldItalic.ttf in Resources */ = {isa = PBXBuildFile; fileRef = EFD44AC42BD95C380017558A /* Poppins-ExtraBoldItalic.ttf */; };
		EFD44AD72BD95C380017558A /* Poppins-Black.ttf in Resources */ = {isa = PBXBuildFile; fileRef = EFD44AC52BD95C380017558A /* Poppins-Black.ttf */; };
		EFD44AD82BD95C380017558A /* Poppins-ExtraBold.ttf in Resources */ = {isa = PBXBuildFile; fileRef = EFD44AC62BD95C380017558A /* Poppins-ExtraBold.ttf */; };
		EFD44AD92BD95C380017558A /* Poppins-ExtraLight.ttf in Resources */ = {isa = PBXBuildFile; fileRef = EFD44AC72BD95C380017558A /* Poppins-ExtraLight.ttf */; };
		EFD44ADA2BD95C380017558A /* Poppins-Bold.ttf in Resources */ = {isa = PBXBuildFile; fileRef = EFD44AC82BD95C380017558A /* Poppins-Bold.ttf */; };
		EFD44ADB2BD95C380017558A /* Poppins-Regular.ttf in Resources */ = {isa = PBXBuildFile; fileRef = EFD44AC92BD95C380017558A /* Poppins-Regular.ttf */; };
		EFD44ADC2BD95C380017558A /* Poppins-SemiBold.ttf in Resources */ = {isa = PBXBuildFile; fileRef = EFD44ACA2BD95C380017558A /* Poppins-SemiBold.ttf */; };
		EFD44ADD2BD95C380017558A /* Poppins-SemiBoldItalic.ttf in Resources */ = {isa = PBXBuildFile; fileRef = EFD44ACB2BD95C380017558A /* Poppins-SemiBoldItalic.ttf */; };
		EFD44ADE2BD95C380017558A /* Poppins-ThinItalic.ttf in Resources */ = {isa = PBXBuildFile; fileRef = EFD44ACC2BD95C380017558A /* Poppins-ThinItalic.ttf */; };
		EFD44ADF2BD95C380017558A /* Poppins-MediumItalic.ttf in Resources */ = {isa = PBXBuildFile; fileRef = EFD44ACD2BD95C380017558A /* Poppins-MediumItalic.ttf */; };
		EFD44AE02BD95C380017558A /* Poppins-Light.ttf in Resources */ = {isa = PBXBuildFile; fileRef = EFD44ACE2BD95C380017558A /* Poppins-Light.ttf */; };
		EFD44AE12BD95C380017558A /* Poppins-ExtraLightItalic.ttf in Resources */ = {isa = PBXBuildFile; fileRef = EFD44ACF2BD95C380017558A /* Poppins-ExtraLightItalic.ttf */; };
/* End PBXBuildFile section */

/* Begin PBXFileReference section */
		EB33FE2E2BE80374005A93EE /* Game.swift */ = {isa = PBXFileReference; lastKnownFileType = sourcecode.swift; path = Game.swift; sourceTree = "<group>"; };
		EB33FE312BE830C3005A93EE /* GameStore.swift */ = {isa = PBXFileReference; lastKnownFileType = sourcecode.swift; path = GameStore.swift; sourceTree = "<group>"; };
		EBA6E2142BF2A943005CABA5 /* GameScoress.xcdatamodel */ = {isa = PBXFileReference; lastKnownFileType = wrapper.xcdatamodel; path = GameScoress.xcdatamodel; sourceTree = "<group>"; };
		EBA6E21E2BF2AF5E005CABA5 /* OwO+CoreDataClass.swift */ = {isa = PBXFileReference; lastKnownFileType = sourcecode.swift; path = "OwO+CoreDataClass.swift"; sourceTree = "<group>"; };
		EBA6E21F2BF2AF5E005CABA5 /* OwO+CoreDataProperties.swift */ = {isa = PBXFileReference; lastKnownFileType = sourcecode.swift; path = "OwO+CoreDataProperties.swift"; sourceTree = "<group>"; };
		EBD917882BF299F700048204 /* PersistenceController.swift */ = {isa = PBXFileReference; lastKnownFileType = sourcecode.swift; path = PersistenceController.swift; sourceTree = "<group>"; };
		EFD44AA42BD94EB30017558A /* MATHEMATIK.app */ = {isa = PBXFileReference; explicitFileType = wrapper.application; includeInIndex = 0; path = MATHEMATIK.app; sourceTree = BUILT_PRODUCTS_DIR; };
		EFD44AA72BD94EB30017558A /* MATHEMATIKApp.swift */ = {isa = PBXFileReference; lastKnownFileType = sourcecode.swift; path = MATHEMATIKApp.swift; sourceTree = "<group>"; };
		EFD44AA92BD94EB30017558A /* ContentView.swift */ = {isa = PBXFileReference; lastKnownFileType = sourcecode.swift; path = ContentView.swift; sourceTree = "<group>"; };
		EFD44AAB2BD94EB50017558A /* Assets.xcassets */ = {isa = PBXFileReference; lastKnownFileType = folder.assetcatalog; path = Assets.xcassets; sourceTree = "<group>"; };
		EFD44AAE2BD94EB50017558A /* Preview Assets.xcassets */ = {isa = PBXFileReference; lastKnownFileType = folder.assetcatalog; path = "Preview Assets.xcassets"; sourceTree = "<group>"; };
		EFD44AB02BD94EB50017558A /* Info.plist */ = {isa = PBXFileReference; lastKnownFileType = text.plist.xml; path = Info.plist; sourceTree = "<group>"; };
		EFD44AB72BD951150017558A /* GameView.swift */ = {isa = PBXFileReference; lastKnownFileType = sourcecode.swift; path = GameView.swift; sourceTree = "<group>"; };
		EFD44ABA2BD952170017558A /* OptionButton.swift */ = {isa = PBXFileReference; lastKnownFileType = sourcecode.swift; path = OptionButton.swift; sourceTree = "<group>"; };
		EFD44ABE2BD95C380017558A /* Poppins-BlackItalic.ttf */ = {isa = PBXFileReference; lastKnownFileType = file; path = "Poppins-BlackItalic.ttf"; sourceTree = "<group>"; };
		EFD44ABF2BD95C380017558A /* Poppins-LightItalic.ttf */ = {isa = PBXFileReference; lastKnownFileType = file; path = "Poppins-LightItalic.ttf"; sourceTree = "<group>"; };
		EFD44AC02BD95C380017558A /* Poppins-BoldItalic.ttf */ = {isa = PBXFileReference; lastKnownFileType = file; path = "Poppins-BoldItalic.ttf"; sourceTree = "<group>"; };
		EFD44AC12BD95C380017558A /* Poppins-Thin.ttf */ = {isa = PBXFileReference; lastKnownFileType = file; path = "Poppins-Thin.ttf"; sourceTree = "<group>"; };
		EFD44AC22BD95C380017558A /* Poppins-Medium.ttf */ = {isa = PBXFileReference; lastKnownFileType = file; path = "Poppins-Medium.ttf"; sourceTree = "<group>"; };
		EFD44AC32BD95C380017558A /* Poppins-Italic.ttf */ = {isa = PBXFileReference; lastKnownFileType = file; path = "Poppins-Italic.ttf"; sourceTree = "<group>"; };
		EFD44AC42BD95C380017558A /* Poppins-ExtraBoldItalic.ttf */ = {isa = PBXFileReference; lastKnownFileType = file; path = "Poppins-ExtraBoldItalic.ttf"; sourceTree = "<group>"; };
		EFD44AC52BD95C380017558A /* Poppins-Black.ttf */ = {isa = PBXFileReference; lastKnownFileType = file; path = "Poppins-Black.ttf"; sourceTree = "<group>"; };
		EFD44AC62BD95C380017558A /* Poppins-ExtraBold.ttf */ = {isa = PBXFileReference; lastKnownFileType = file; path = "Poppins-ExtraBold.ttf"; sourceTree = "<group>"; };
		EFD44AC72BD95C380017558A /* Poppins-ExtraLight.ttf */ = {isa = PBXFileReference; lastKnownFileType = file; path = "Poppins-ExtraLight.ttf"; sourceTree = "<group>"; };
		EFD44AC82BD95C380017558A /* Poppins-Bold.ttf */ = {isa = PBXFileReference; lastKnownFileType = file; path = "Poppins-Bold.ttf"; sourceTree = "<group>"; };
		EFD44AC92BD95C380017558A /* Poppins-Regular.ttf */ = {isa = PBXFileReference; lastKnownFileType = file; path = "Poppins-Regular.ttf"; sourceTree = "<group>"; };
		EFD44ACA2BD95C380017558A /* Poppins-SemiBold.ttf */ = {isa = PBXFileReference; lastKnownFileType = file; path = "Poppins-SemiBold.ttf"; sourceTree = "<group>"; };
		EFD44ACB2BD95C380017558A /* Poppins-SemiBoldItalic.ttf */ = {isa = PBXFileReference; lastKnownFileType = file; path = "Poppins-SemiBoldItalic.ttf"; sourceTree = "<group>"; };
		EFD44ACC2BD95C380017558A /* Poppins-ThinItalic.ttf */ = {isa = PBXFileReference; lastKnownFileType = file; path = "Poppins-ThinItalic.ttf"; sourceTree = "<group>"; };
		EFD44ACD2BD95C380017558A /* Poppins-MediumItalic.ttf */ = {isa = PBXFileReference; lastKnownFileType = file; path = "Poppins-MediumItalic.ttf"; sourceTree = "<group>"; };
		EFD44ACE2BD95C380017558A /* Poppins-Light.ttf */ = {isa = PBXFileReference; lastKnownFileType = file; path = "Poppins-Light.ttf"; sourceTree = "<group>"; };
		EFD44ACF2BD95C380017558A /* Poppins-ExtraLightItalic.ttf */ = {isa = PBXFileReference; lastKnownFileType = file; path = "Poppins-ExtraLightItalic.ttf"; sourceTree = "<group>"; };
/* End PBXFileReference section */

/* Begin PBXFrameworksBuildPhase section */
		EFD44AA12BD94EB30017558A /* Frameworks */ = {
			isa = PBXFrameworksBuildPhase;
			buildActionMask = 2147483647;
			files = (
			);
			runOnlyForDeploymentPostprocessing = 0;
		};
/* End PBXFrameworksBuildPhase section */

/* Begin PBXGroup section */
		EFD44A9B2BD94EB30017558A = {
			isa = PBXGroup;
			children = (
				EBA6E21E2BF2AF5E005CABA5 /* OwO+CoreDataClass.swift */,
				EBA6E21F2BF2AF5E005CABA5 /* OwO+CoreDataProperties.swift */,
				EFD44AA62BD94EB30017558A /* MATHEMATIK */,
				EFD44AA52BD94EB30017558A /* Products */,
			);
			sourceTree = "<group>";
		};
		EFD44AA52BD94EB30017558A /* Products */ = {
			isa = PBXGroup;
			children = (
				EFD44AA42BD94EB30017558A /* MATHEMATIK.app */,
			);
			name = Products;
			sourceTree = "<group>";
		};
		EFD44AA62BD94EB30017558A /* MATHEMATIK */ = {
			isa = PBXGroup;
			children = (
				EFD44ABD2BD95C1B0017558A /* Fonts */,
				EFD44AA72BD94EB30017558A /* MATHEMATIKApp.swift */,
				EFD44AA92BD94EB30017558A /* ContentView.swift */,
				EFD44AAB2BD94EB50017558A /* Assets.xcassets */,
				EFD44AB02BD94EB50017558A /* Info.plist */,
				EFD44AAD2BD94EB50017558A /* Preview Content */,
				EFD44AB72BD951150017558A /* GameView.swift */,
				EFD44ABA2BD952170017558A /* OptionButton.swift */,
				EB33FE2E2BE80374005A93EE /* Game.swift */,
				EB33FE312BE830C3005A93EE /* GameStore.swift */,
				EBD917882BF299F700048204 /* PersistenceController.swift */,
				EBA6E2132BF2A943005CABA5 /* GameScoress.xcdatamodeld */,
			);
			path = MATHEMATIK;
			sourceTree = "<group>";
		};
		EFD44AAD2BD94EB50017558A /* Preview Content */ = {
			isa = PBXGroup;
			children = (
				EFD44AAE2BD94EB50017558A /* Preview Assets.xcassets */,
			);
			path = "Preview Content";
			sourceTree = "<group>";
		};
		EFD44ABD2BD95C1B0017558A /* Fonts */ = {
			isa = PBXGroup;
			children = (
				EFD44AC52BD95C380017558A /* Poppins-Black.ttf */,
				EFD44ABE2BD95C380017558A /* Poppins-BlackItalic.ttf */,
				EFD44AC82BD95C380017558A /* Poppins-Bold.ttf */,
				EFD44AC02BD95C380017558A /* Poppins-BoldItalic.ttf */,
				EFD44AC62BD95C380017558A /* Poppins-ExtraBold.ttf */,
				EFD44AC42BD95C380017558A /* Poppins-ExtraBoldItalic.ttf */,
				EFD44AC72BD95C380017558A /* Poppins-ExtraLight.ttf */,
				EFD44ACF2BD95C380017558A /* Poppins-ExtraLightItalic.ttf */,
				EFD44AC32BD95C380017558A /* Poppins-Italic.ttf */,
				EFD44ACE2BD95C380017558A /* Poppins-Light.ttf */,
				EFD44ABF2BD95C380017558A /* Poppins-LightItalic.ttf */,
				EFD44AC22BD95C380017558A /* Poppins-Medium.ttf */,
				EFD44ACD2BD95C380017558A /* Poppins-MediumItalic.ttf */,
				EFD44AC92BD95C380017558A /* Poppins-Regular.ttf */,
				EFD44ACA2BD95C380017558A /* Poppins-SemiBold.ttf */,
				EFD44ACB2BD95C380017558A /* Poppins-SemiBoldItalic.ttf */,
				EFD44AC12BD95C380017558A /* Poppins-Thin.ttf */,
				EFD44ACC2BD95C380017558A /* Poppins-ThinItalic.ttf */,
			);
			path = Fonts;
			sourceTree = "<group>";
		};
/* End PBXGroup section */

/* Begin PBXNativeTarget section */
		EFD44AA32BD94EB30017558A /* MATHEMATIK */ = {
			isa = PBXNativeTarget;
			buildConfigurationList = EFD44AB32BD94EB50017558A /* Build configuration list for PBXNativeTarget "MATHEMATIK" */;
			buildPhases = (
				EFD44AA02BD94EB30017558A /* Sources */,
				EFD44AA12BD94EB30017558A /* Frameworks */,
				EFD44AA22BD94EB30017558A /* Resources */,
			);
			buildRules = (
			);
			dependencies = (
			);
			name = MATHEMATIK;
			productName = MATHEMATIK;
			productReference = EFD44AA42BD94EB30017558A /* MATHEMATIK.app */;
			productType = "com.apple.product-type.application";
		};
/* End PBXNativeTarget section */

/* Begin PBXProject section */
		EFD44A9C2BD94EB30017558A /* Project object */ = {
			isa = PBXProject;
			attributes = {
				BuildIndependentTargetsInParallel = YES;
				LastSwiftUpdateCheck = 1240;
				LastUpgradeCheck = 1520;
				TargetAttributes = {
					EFD44AA32BD94EB30017558A = {
						CreatedOnToolsVersion = 12.4;
					};
				};
			};
			buildConfigurationList = EFD44A9F2BD94EB30017558A /* Build configuration list for PBXProject "MATHEMATIK" */;
			compatibilityVersion = "Xcode 9.3";
			developmentRegion = en;
			hasScannedForEncodings = 0;
			knownRegions = (
				en,
				Base,
			);
			mainGroup = EFD44A9B2BD94EB30017558A;
			productRefGroup = EFD44AA52BD94EB30017558A /* Products */;
			projectDirPath = "";
			projectRoot = "";
			targets = (
				EFD44AA32BD94EB30017558A /* MATHEMATIK */,
			);
		};
/* End PBXProject section */

/* Begin PBXResourcesBuildPhase section */
		EFD44AA22BD94EB30017558A /* Resources */ = {
			isa = PBXResourcesBuildPhase;
			buildActionMask = 2147483647;
			files = (
				EFD44ADC2BD95C380017558A /* Poppins-SemiBold.ttf in Resources */,
				EFD44ADD2BD95C380017558A /* Poppins-SemiBoldItalic.ttf in Resources */,
				EFD44AD92BD95C380017558A /* Poppins-ExtraLight.ttf in Resources */,
				EFD44AAF2BD94EB50017558A /* Preview Assets.xcassets in Resources */,
				EFD44AD42BD95C380017558A /* Poppins-Medium.ttf in Resources */,
				EFD44ADE2BD95C380017558A /* Poppins-ThinItalic.ttf in Resources */,
				EFD44AD52BD95C380017558A /* Poppins-Italic.ttf in Resources */,
				EFD44ADF2BD95C380017558A /* Poppins-MediumItalic.ttf in Resources */,
				EFD44AD62BD95C380017558A /* Poppins-ExtraBoldItalic.ttf in Resources */,
				EFD44AD72BD95C380017558A /* Poppins-Black.ttf in Resources */,
				EFD44AE02BD95C380017558A /* Poppins-Light.ttf in Resources */,
				EFD44AD02BD95C380017558A /* Poppins-BlackItalic.ttf in Resources */,
				EFD44AE12BD95C380017558A /* Poppins-ExtraLightItalic.ttf in Resources */,
				EFD44AAC2BD94EB50017558A /* Assets.xcassets in Resources */,
				EFD44ADA2BD95C380017558A /* Poppins-Bold.ttf in Resources */,
				EFD44ADB2BD95C380017558A /* Poppins-Regular.ttf in Resources */,
				EFD44AD82BD95C380017558A /* Poppins-ExtraBold.ttf in Resources */,
				EFD44AD32BD95C380017558A /* Poppins-Thin.ttf in Resources */,
				EFD44AD12BD95C380017558A /* Poppins-LightItalic.ttf in Resources */,
				EFD44AD22BD95C380017558A /* Poppins-BoldItalic.ttf in Resources */,
			);
			runOnlyForDeploymentPostprocessing = 0;
		};
/* End PBXResourcesBuildPhase section */

/* Begin PBXSourcesBuildPhase section */
		EFD44AA02BD94EB30017558A /* Sources */ = {
			isa = PBXSourcesBuildPhase;
			buildActionMask = 2147483647;
			files = (
				EFD44AAA2BD94EB30017558A /* ContentView.swift in Sources */,
				EBD917892BF299F700048204 /* PersistenceController.swift in Sources */,
				EBA6E2202BF2AF5E005CABA5 /* OwO+CoreDataClass.swift in Sources */,
				EB33FE322BE830C3005A93EE /* GameStore.swift in Sources */,
				EB33FE2F2BE80374005A93EE /* Game.swift in Sources */,
				EBA6E2212BF2AF5E005CABA5 /* OwO+CoreDataProperties.swift in Sources */,
				EBA6E2152BF2A943005CABA5 /* GameScoress.xcdatamodeld in Sources */,
				EFD44AB82BD951150017558A /* GameView.swift in Sources */,
				EFD44ABB2BD952170017558A /* OptionButton.swift in Sources */,
				EFD44AA82BD94EB30017558A /* MATHEMATIKApp.swift in Sources */,
			);
			runOnlyForDeploymentPostprocessing = 0;
		};
/* End PBXSourcesBuildPhase section */

/* Begin XCBuildConfiguration section */
		EFD44AB12BD94EB50017558A /* Debug */ = {
			isa = XCBuildConfiguration;
			buildSettings = {
				ALWAYS_SEARCH_USER_PATHS = NO;
				CLANG_ANALYZER_NONNULL = YES;
				CLANG_ANALYZER_NUMBER_OBJECT_CONVERSION = YES_AGGRESSIVE;
				CLANG_CXX_LANGUAGE_STANDARD = "gnu++14";
				CLANG_CXX_LIBRARY = "libc++";
				CLANG_ENABLE_MODULES = YES;
				CLANG_ENABLE_OBJC_ARC = YES;
				CLANG_ENABLE_OBJC_WEAK = YES;
				CLANG_WARN_BLOCK_CAPTURE_AUTORELEASING = YES;
				CLANG_WARN_BOOL_CONVERSION = YES;
				CLANG_WARN_COMMA = YES;
				CLANG_WARN_CONSTANT_CONVERSION = YES;
				CLANG_WARN_DEPRECATED_OBJC_IMPLEMENTATIONS = YES;
				CLANG_WARN_DIRECT_OBJC_ISA_USAGE = YES_ERROR;
				CLANG_WARN_DOCUMENTATION_COMMENTS = YES;
				CLANG_WARN_EMPTY_BODY = YES;
				CLANG_WARN_ENUM_CONVERSION = YES;
				CLANG_WARN_INFINITE_RECURSION = YES;
				CLANG_WARN_INT_CONVERSION = YES;
				CLANG_WARN_NON_LITERAL_NULL_CONVERSION = YES;
				CLANG_WARN_OBJC_IMPLICIT_RETAIN_SELF = YES;
				CLANG_WARN_OBJC_LITERAL_CONVERSION = YES;
				CLANG_WARN_OBJC_ROOT_CLASS = YES_ERROR;
				CLANG_WARN_QUOTED_INCLUDE_IN_FRAMEWORK_HEADER = YES;
				CLANG_WARN_RANGE_LOOP_ANALYSIS = YES;
				CLANG_WARN_STRICT_PROTOTYPES = YES;
				CLANG_WARN_SUSPICIOUS_MOVE = YES;
				CLANG_WARN_UNGUARDED_AVAILABILITY = YES_AGGRESSIVE;
				CLANG_WARN_UNREACHABLE_CODE = YES;
				CLANG_WARN__DUPLICATE_METHOD_MATCH = YES;
				COPY_PHASE_STRIP = NO;
				DEBUG_INFORMATION_FORMAT = dwarf;
				ENABLE_STRICT_OBJC_MSGSEND = YES;
				ENABLE_TESTABILITY = YES;
				ENABLE_USER_SCRIPT_SANDBOXING = YES;
				GCC_C_LANGUAGE_STANDARD = gnu11;
				GCC_DYNAMIC_NO_PIC = NO;
				GCC_NO_COMMON_BLOCKS = YES;
				GCC_OPTIMIZATION_LEVEL = 0;
				GCC_PREPROCESSOR_DEFINITIONS = (
					"DEBUG=1",
					"$(inherited)",
				);
				GCC_WARN_64_TO_32_BIT_CONVERSION = YES;
				GCC_WARN_ABOUT_RETURN_TYPE = YES_ERROR;
				GCC_WARN_UNDECLARED_SELECTOR = YES;
				GCC_WARN_UNINITIALIZED_AUTOS = YES_AGGRESSIVE;
				GCC_WARN_UNUSED_FUNCTION = YES;
				GCC_WARN_UNUSED_VARIABLE = YES;
				IPHONEOS_DEPLOYMENT_TARGET = 14.4;
				MTL_ENABLE_DEBUG_INFO = INCLUDE_SOURCE;
				MTL_FAST_MATH = YES;
				ONLY_ACTIVE_ARCH = YES;
				SDKROOT = iphoneos;
				SWIFT_ACTIVE_COMPILATION_CONDITIONS = DEBUG;
				SWIFT_OPTIMIZATION_LEVEL = "-Onone";
			};
			name = Debug;
		};
		EFD44AB22BD94EB50017558A /* Release */ = {
			isa = XCBuildConfiguration;
			buildSettings = {
				ALWAYS_SEARCH_USER_PATHS = NO;
				CLANG_ANALYZER_NONNULL = YES;
				CLANG_ANALYZER_NUMBER_OBJECT_CONVERSION = YES_AGGRESSIVE;
				CLANG_CXX_LANGUAGE_STANDARD = "gnu++14";
				CLANG_CXX_LIBRARY = "libc++";
				CLANG_ENABLE_MODULES = YES;
				CLANG_ENABLE_OBJC_ARC = YES;
				CLANG_ENABLE_OBJC_WEAK = YES;
				CLANG_WARN_BLOCK_CAPTURE_AUTORELEASING = YES;
				CLANG_WARN_BOOL_CONVERSION = YES;
				CLANG_WARN_COMMA = YES;
				CLANG_WARN_CONSTANT_CONVERSION = YES;
				CLANG_WARN_DEPRECATED_OBJC_IMPLEMENTATIONS = YES;
				CLANG_WARN_DIRECT_OBJC_ISA_USAGE = YES_ERROR;
				CLANG_WARN_DOCUMENTATION_COMMENTS = YES;
				CLANG_WARN_EMPTY_BODY = YES;
				CLANG_WARN_ENUM_CONVERSION = YES;
				CLANG_WARN_INFINITE_RECURSION = YES;
				CLANG_WARN_INT_CONVERSION = YES;
				CLANG_WARN_NON_LITERAL_NULL_CONVERSION = YES;
				CLANG_WARN_OBJC_IMPLICIT_RETAIN_SELF = YES;
				CLANG_WARN_OBJC_LITERAL_CONVERSION = YES;
				CLANG_WARN_OBJC_ROOT_CLASS = YES_ERROR;
				CLANG_WARN_QUOTED_INCLUDE_IN_FRAMEWORK_HEADER = YES;
				CLANG_WARN_RANGE_LOOP_ANALYSIS = YES;
				CLANG_WARN_STRICT_PROTOTYPES = YES;
				CLANG_WARN_SUSPICIOUS_MOVE = YES;
				CLANG_WARN_UNGUARDED_AVAILABILITY = YES_AGGRESSIVE;
				CLANG_WARN_UNREACHABLE_CODE = YES;
				CLANG_WARN__DUPLICATE_METHOD_MATCH = YES;
				COPY_PHASE_STRIP = NO;
				DEBUG_INFORMATION_FORMAT = "dwarf-with-dsym";
				ENABLE_NS_ASSERTIONS = NO;
				ENABLE_STRICT_OBJC_MSGSEND = YES;
				ENABLE_USER_SCRIPT_SANDBOXING = YES;
				GCC_C_LANGUAGE_STANDARD = gnu11;
				GCC_NO_COMMON_BLOCKS = YES;
				GCC_WARN_64_TO_32_BIT_CONVERSION = YES;
				GCC_WARN_ABOUT_RETURN_TYPE = YES_ERROR;
				GCC_WARN_UNDECLARED_SELECTOR = YES;
				GCC_WARN_UNINITIALIZED_AUTOS = YES_AGGRESSIVE;
				GCC_WARN_UNUSED_FUNCTION = YES;
				GCC_WARN_UNUSED_VARIABLE = YES;
				IPHONEOS_DEPLOYMENT_TARGET = 14.4;
				MTL_ENABLE_DEBUG_INFO = NO;
				MTL_FAST_MATH = YES;
				SDKROOT = iphoneos;
				SWIFT_COMPILATION_MODE = wholemodule;
				SWIFT_OPTIMIZATION_LEVEL = "-O";
				VALIDATE_PRODUCT = YES;
			};
			name = Release;
		};
		EFD44AB42BD94EB50017558A /* Debug */ = {
			isa = XCBuildConfiguration;
			buildSettings = {
				ASSETCATALOG_COMPILER_APPICON_NAME = AppIcon;
				ASSETCATALOG_COMPILER_GLOBAL_ACCENT_COLOR_NAME = AccentColor;
				CODE_SIGN_STYLE = Automatic;
				DEVELOPMENT_ASSET_PATHS = "\"MATHEMATIK/Preview Content\"";
				ENABLE_PREVIEWS = YES;
				INFOPLIST_FILE = MATHEMATIK/Info.plist;
				INFOPLIST_KEY_LSApplicationCategoryType = "public.app-category.music-games";
				IPHONEOS_DEPLOYMENT_TARGET = 14.0;
				LD_RUNPATH_SEARCH_PATHS = (
					"$(inherited)",
					"@executable_path/Frameworks",
				);
				PRODUCT_BUNDLE_IDENTIFIER = hectorgarcia.MATHEMATIK;
				PRODUCT_NAME = "$(TARGET_NAME)";
				SWIFT_VERSION = 5.0;
				TARGETED_DEVICE_FAMILY = "1,2";
			};
			name = Debug;
		};
		EFD44AB52BD94EB50017558A /* Release */ = {
			isa = XCBuildConfiguration;
			buildSettings = {
				ASSETCATALOG_COMPILER_APPICON_NAME = AppIcon;
				ASSETCATALOG_COMPILER_GLOBAL_ACCENT_COLOR_NAME = AccentColor;
				CODE_SIGN_STYLE = Automatic;
				DEVELOPMENT_ASSET_PATHS = "\"MATHEMATIK/Preview Content\"";
				ENABLE_PREVIEWS = YES;
				INFOPLIST_FILE = MATHEMATIK/Info.plist;
				INFOPLIST_KEY_LSApplicationCategoryType = "public.app-category.music-games";
				IPHONEOS_DEPLOYMENT_TARGET = 14.0;
				LD_RUNPATH_SEARCH_PATHS = (
					"$(inherited)",
					"@executable_path/Frameworks",
				);
				PRODUCT_BUNDLE_IDENTIFIER = hectorgarcia.MATHEMATIK;
				PRODUCT_NAME = "$(TARGET_NAME)";
				SWIFT_VERSION = 5.0;
				TARGETED_DEVICE_FAMILY = "1,2";
			};
			name = Release;
		};
/* End XCBuildConfiguration section */

/* Begin XCConfigurationList section */
		EFD44A9F2BD94EB30017558A /* Build configuration list for PBXProject "MATHEMATIK" */ = {
			isa = XCConfigurationList;
			buildConfigurations = (
				EFD44AB12BD94EB50017558A /* Debug */,
				EFD44AB22BD94EB50017558A /* Release */,
			);
			defaultConfigurationIsVisible = 0;
			defaultConfigurationName = Release;
		};
		EFD44AB32BD94EB50017558A /* Build configuration list for PBXNativeTarget "MATHEMATIK" */ = {
			isa = XCConfigurationList;
			buildConfigurations = (
				EFD44AB42BD94EB50017558A /* Debug */,
				EFD44AB52BD94EB50017558A /* Release */,
			);
			defaultConfigurationIsVisible = 0;
			defaultConfigurationName = Release;
		};
/* End XCConfigurationList section */

/* Begin XCVersionGroup section */
		EBA6E2132BF2A943005CABA5 /* GameScoress.xcdatamodeld */ = {
			isa = XCVersionGroup;
			children = (
				EBA6E2142BF2A943005CABA5 /* GameScoress.xcdatamodel */,
			);
			currentVersion = EBA6E2142BF2A943005CABA5 /* GameScoress.xcdatamodel */;
			path = GameScoress.xcdatamodeld;
			sourceTree = "<group>";
			versionGroupType = wrapper.xcdatamodel;
		};
/* End XCVersionGroup section */
	};
	rootObject = EFD44A9C2BD94EB30017558A /* Project object */;
}
